
Microsoft Visual Studio Solution File, Format Version 12.00
# Visual Studio Version 17
VisualStudioVersion = 17.2.32526.322
MinimumVisualStudioVersion = 10.0.40219.1
Project("{FAE04EC0-301F-11D3-BF4B-00C04F79EFBC}") = "23", "23\23.csproj", "{CFB0484F-477E-4AE8-AD98-CDA87F145B68}"
EndProject
Global
	GlobalSection(SolutionConfigurationPlatforms) = preSolution
		Debug|Any CPU = Debug|Any CPU
		Release|Any CPU = Release|Any CPU
	EndGlobalSection
	GlobalSection(ProjectConfigurationPlatforms) = postSolution
		{CFB0484F-477E-4AE8-AD98-CDA87F145B68}.Debug|Any CPU.ActiveCfg = Debug|Any CPU
		{CFB0484F-477E-4AE8-AD98-CDA87F145B68}.Debug|Any CPU.Build.0 = Debug|Any CPU
		{CFB0484F-477E-4AE8-AD98-CDA87F145B68}.Release|Any CPU.ActiveCfg = Release|Any CPU
		{CFB0484F-477E-4AE8-AD98-CDA87F145B68}.Release|Any CPU.Build.0 = Release|Any CPU
	EndGlobalSection
	GlobalSection(SolutionProperties) = preSolution
		HideSolutionNode = FALSE
	EndGlobalSection
	GlobalSection(ExtensibilityGlobals) = postSolution
		SolutionGuid = {A06D0FD8-06CF-4954-9ADA-79F95D04E8EB}
	EndGlobalSection
EndGlobal
