
Microsoft Visual Studio Solution File, Format Version 12.00
# Visual Studio Version 17
VisualStudioVersion = 17.2.32526.322
MinimumVisualStudioVersion = 10.0.40219.1
Project("{FAE04EC0-301F-11D3-BF4B-00C04F79EFBC}") = "19", "19\19.csproj", "{9C949318-4668-46A5-A341-4F2EAE6B6391}"
EndProject
Global
	GlobalSection(SolutionConfigurationPlatforms) = preSolution
		Debug|Any CPU = Debug|Any CPU
		Release|Any CPU = Release|Any CPU
	EndGlobalSection
	GlobalSection(ProjectConfigurationPlatforms) = postSolution
		{9C949318-4668-46A5-A341-4F2EAE6B6391}.Debug|Any CPU.ActiveCfg = Debug|Any CPU
		{9C949318-4668-46A5-A341-4F2EAE6B6391}.Debug|Any CPU.Build.0 = Debug|Any CPU
		{9C949318-4668-46A5-A341-4F2EAE6B6391}.Release|Any CPU.ActiveCfg = Release|Any CPU
		{9C949318-4668-46A5-A341-4F2EAE6B6391}.Release|Any CPU.Build.0 = Release|Any CPU
	EndGlobalSection
	GlobalSection(SolutionProperties) = preSolution
		HideSolutionNode = FALSE
	EndGlobalSection
	GlobalSection(ExtensibilityGlobals) = postSolution
		SolutionGuid = {E8DCD7C1-4394-4FBF-AE49-02F387FAF92D}
	EndGlobalSection
EndGlobal
