
Microsoft Visual Studio Solution File, Format Version 12.00
# Visual Studio Version 17
VisualStudioVersion = 17.2.32526.322
MinimumVisualStudioVersion = 10.0.40219.1
Project("{FAE04EC0-301F-11D3-BF4B-00C04F79EFBC}") = "42", "42\42.csproj", "{06EF4FB5-ADB5-4511-B16D-9AC8E16C938D}"
EndProject
Global
	GlobalSection(SolutionConfigurationPlatforms) = preSolution
		Debug|Any CPU = Debug|Any CPU
		Release|Any CPU = Release|Any CPU
	EndGlobalSection
	GlobalSection(ProjectConfigurationPlatforms) = postSolution
		{06EF4FB5-ADB5-4511-B16D-9AC8E16C938D}.Debug|Any CPU.ActiveCfg = Debug|Any CPU
		{06EF4FB5-ADB5-4511-B16D-9AC8E16C938D}.Debug|Any CPU.Build.0 = Debug|Any CPU
		{06EF4FB5-ADB5-4511-B16D-9AC8E16C938D}.Release|Any CPU.ActiveCfg = Release|Any CPU
		{06EF4FB5-ADB5-4511-B16D-9AC8E16C938D}.Release|Any CPU.Build.0 = Release|Any CPU
	EndGlobalSection
	GlobalSection(SolutionProperties) = preSolution
		HideSolutionNode = FALSE
	EndGlobalSection
	GlobalSection(ExtensibilityGlobals) = postSolution
		SolutionGuid = {4C708C19-FB9B-40F0-B216-0E42E8D39FBC}
	EndGlobalSection
EndGlobal
