
Microsoft Visual Studio Solution File, Format Version 12.00
# Visual Studio Version 17
VisualStudioVersion = 17.2.32526.322
MinimumVisualStudioVersion = 10.0.40219.1
Project("{FAE04EC0-301F-11D3-BF4B-00C04F79EFBC}") = "48", "48\48.csproj", "{C42056E5-F7B8-426C-BA2D-86E19A178969}"
EndProject
Global
	GlobalSection(SolutionConfigurationPlatforms) = preSolution
		Debug|Any CPU = Debug|Any CPU
		Release|Any CPU = Release|Any CPU
	EndGlobalSection
	GlobalSection(ProjectConfigurationPlatforms) = postSolution
		{C42056E5-F7B8-426C-BA2D-86E19A178969}.Debug|Any CPU.ActiveCfg = Debug|Any CPU
		{C42056E5-F7B8-426C-BA2D-86E19A178969}.Debug|Any CPU.Build.0 = Debug|Any CPU
		{C42056E5-F7B8-426C-BA2D-86E19A178969}.Release|Any CPU.ActiveCfg = Release|Any CPU
		{C42056E5-F7B8-426C-BA2D-86E19A178969}.Release|Any CPU.Build.0 = Release|Any CPU
	EndGlobalSection
	GlobalSection(SolutionProperties) = preSolution
		HideSolutionNode = FALSE
	EndGlobalSection
	GlobalSection(ExtensibilityGlobals) = postSolution
		SolutionGuid = {63417141-8A9C-487F-B14F-C0AAB2A0D80D}
	EndGlobalSection
EndGlobal
