
Microsoft Visual Studio Solution File, Format Version 12.00
# Visual Studio Version 17
VisualStudioVersion = 17.2.32526.322
MinimumVisualStudioVersion = 10.0.40219.1
Project("{FAE04EC0-301F-11D3-BF4B-00C04F79EFBC}") = "39", "39\39.csproj", "{66F9F4FE-1E33-4781-B45B-8DA7ABB7221A}"
EndProject
Global
	GlobalSection(SolutionConfigurationPlatforms) = preSolution
		Debug|Any CPU = Debug|Any CPU
		Release|Any CPU = Release|Any CPU
	EndGlobalSection
	GlobalSection(ProjectConfigurationPlatforms) = postSolution
		{66F9F4FE-1E33-4781-B45B-8DA7ABB7221A}.Debug|Any CPU.ActiveCfg = Debug|Any CPU
		{66F9F4FE-1E33-4781-B45B-8DA7ABB7221A}.Debug|Any CPU.Build.0 = Debug|Any CPU
		{66F9F4FE-1E33-4781-B45B-8DA7ABB7221A}.Release|Any CPU.ActiveCfg = Release|Any CPU
		{66F9F4FE-1E33-4781-B45B-8DA7ABB7221A}.Release|Any CPU.Build.0 = Release|Any CPU
	EndGlobalSection
	GlobalSection(SolutionProperties) = preSolution
		HideSolutionNode = FALSE
	EndGlobalSection
	GlobalSection(ExtensibilityGlobals) = postSolution
		SolutionGuid = {14E4346E-5BEE-4B71-9D7B-2F6B7C7D82AE}
	EndGlobalSection
EndGlobal
