
Microsoft Visual Studio Solution File, Format Version 12.00
# Visual Studio Version 17
VisualStudioVersion = 17.2.32526.322
MinimumVisualStudioVersion = 10.0.40219.1
Project("{9A19103F-16F7-4668-BE54-9A1E7A4F7556}") = "Exam", "Exam\Exam.csproj", "{B81D4029-B0D9-4C7E-8076-42DE3D3ECF45}"
EndProject
Project("{2150E333-8FDC-42A3-9474-1A3956D46DE8}") = "Solution Items", "Solution Items", "{B2F2A0ED-88F6-497C-94DF-54AED867FABC}"
	ProjectSection(SolutionItems) = preProject
		.editorconfig = .editorconfig
	EndProjectSection
EndProject
Global
	GlobalSection(SolutionConfigurationPlatforms) = preSolution
		Debug|Any CPU = Debug|Any CPU
		Release|Any CPU = Release|Any CPU
	EndGlobalSection
	GlobalSection(ProjectConfigurationPlatforms) = postSolution
		{B81D4029-B0D9-4C7E-8076-42DE3D3ECF45}.Debug|Any CPU.ActiveCfg = Debug|Any CPU
		{B81D4029-B0D9-4C7E-8076-42DE3D3ECF45}.Debug|Any CPU.Build.0 = Debug|Any CPU
		{B81D4029-B0D9-4C7E-8076-42DE3D3ECF45}.Release|Any CPU.ActiveCfg = Release|Any CPU
		{B81D4029-B0D9-4C7E-8076-42DE3D3ECF45}.Release|Any CPU.Build.0 = Release|Any CPU
	EndGlobalSection
	GlobalSection(SolutionProperties) = preSolution
		HideSolutionNode = FALSE
	EndGlobalSection
	GlobalSection(ExtensibilityGlobals) = postSolution
		SolutionGuid = {B8F15837-9140-4163-A8B7-4B943DE038B5}
	EndGlobalSection
EndGlobal
