
Microsoft Visual Studio Solution File, Format Version 12.00
# Visual Studio Version 17
VisualStudioVersion = 17.2.32526.322
MinimumVisualStudioVersion = 10.0.40219.1
Project("{FAE04EC0-301F-11D3-BF4B-00C04F79EFBC}") = "33", "33\33.csproj", "{592AF079-ADD6-44FA-BCAD-AA9179B38FF3}"
EndProject
Global
	GlobalSection(SolutionConfigurationPlatforms) = preSolution
		Debug|Any CPU = Debug|Any CPU
		Release|Any CPU = Release|Any CPU
	EndGlobalSection
	GlobalSection(ProjectConfigurationPlatforms) = postSolution
		{592AF079-ADD6-44FA-BCAD-AA9179B38FF3}.Debug|Any CPU.ActiveCfg = Debug|Any CPU
		{592AF079-ADD6-44FA-BCAD-AA9179B38FF3}.Debug|Any CPU.Build.0 = Debug|Any CPU
		{592AF079-ADD6-44FA-BCAD-AA9179B38FF3}.Release|Any CPU.ActiveCfg = Release|Any CPU
		{592AF079-ADD6-44FA-BCAD-AA9179B38FF3}.Release|Any CPU.Build.0 = Release|Any CPU
	EndGlobalSection
	GlobalSection(SolutionProperties) = preSolution
		HideSolutionNode = FALSE
	EndGlobalSection
	GlobalSection(ExtensibilityGlobals) = postSolution
		SolutionGuid = {1915EED6-E903-4FAD-8F54-F7A8A7D2F78C}
	EndGlobalSection
EndGlobal
