
Microsoft Visual Studio Solution File, Format Version 12.00
# Visual Studio Version 17
VisualStudioVersion = 17.2.32526.322
MinimumVisualStudioVersion = 10.0.40219.1
Project("{FAE04EC0-301F-11D3-BF4B-00C04F79EFBC}") = "từ_điển", "từ_điển\từ_điển.csproj", "{EA0A4F3B-5726-4620-9D2E-0D2CE301155B}"
EndProject
Global
	GlobalSection(SolutionConfigurationPlatforms) = preSolution
		Debug|Any CPU = Debug|Any CPU
		Release|Any CPU = Release|Any CPU
	EndGlobalSection
	GlobalSection(ProjectConfigurationPlatforms) = postSolution
		{EA0A4F3B-5726-4620-9D2E-0D2CE301155B}.Debug|Any CPU.ActiveCfg = Debug|Any CPU
		{EA0A4F3B-5726-4620-9D2E-0D2CE301155B}.Debug|Any CPU.Build.0 = Debug|Any CPU
		{EA0A4F3B-5726-4620-9D2E-0D2CE301155B}.Release|Any CPU.ActiveCfg = Release|Any CPU
		{EA0A4F3B-5726-4620-9D2E-0D2CE301155B}.Release|Any CPU.Build.0 = Release|Any CPU
	EndGlobalSection
	GlobalSection(SolutionProperties) = preSolution
		HideSolutionNode = FALSE
	EndGlobalSection
	GlobalSection(ExtensibilityGlobals) = postSolution
		SolutionGuid = {E7418BA7-DF34-4579-9E2F-5581A735E60E}
	EndGlobalSection
EndGlobal
