
Microsoft Visual Studio Solution File, Format Version 12.00
# Visual Studio Version 17
VisualStudioVersion = 17.2.32526.322
MinimumVisualStudioVersion = 10.0.40219.1
Project("{FAE04EC0-301F-11D3-BF4B-00C04F79EFBC}") = "12", "12\12.csproj", "{AAC5A23F-D15E-4076-8746-1B2E51832868}"
EndProject
Global
	GlobalSection(SolutionConfigurationPlatforms) = preSolution
		Debug|Any CPU = Debug|Any CPU
		Release|Any CPU = Release|Any CPU
	EndGlobalSection
	GlobalSection(ProjectConfigurationPlatforms) = postSolution
		{AAC5A23F-D15E-4076-8746-1B2E51832868}.Debug|Any CPU.ActiveCfg = Debug|Any CPU
		{AAC5A23F-D15E-4076-8746-1B2E51832868}.Debug|Any CPU.Build.0 = Debug|Any CPU
		{AAC5A23F-D15E-4076-8746-1B2E51832868}.Release|Any CPU.ActiveCfg = Release|Any CPU
		{AAC5A23F-D15E-4076-8746-1B2E51832868}.Release|Any CPU.Build.0 = Release|Any CPU
	EndGlobalSection
	GlobalSection(SolutionProperties) = preSolution
		HideSolutionNode = FALSE
	EndGlobalSection
	GlobalSection(ExtensibilityGlobals) = postSolution
		SolutionGuid = {6365DA1B-B426-498B-A2E1-B6167CA1BB18}
	EndGlobalSection
EndGlobal
