
Microsoft Visual Studio Solution File, Format Version 12.00
# Visual Studio Version 17
VisualStudioVersion = 17.2.32526.322
MinimumVisualStudioVersion = 10.0.40219.1
Project("{9A19103F-16F7-4668-BE54-9A1E7A4F7556}") = "lag8", "lag8\lag8.csproj", "{BCA37815-D481-4159-AC71-F65C91C6C983}"
EndProject
Project("{9A19103F-16F7-4668-BE54-9A1E7A4F7556}") = "generic", "generic\generic.csproj", "{5472E506-BA5F-4A64-B7CB-9B4DE94FED34}"
EndProject
Project("{FAE04EC0-301F-11D3-BF4B-00C04F79EFBC}") = "Lab7._2", "Lab7._2\Lab7._2.csproj", "{61AB2452-5A32-48A3-B8A9-5D9BFAD9912F}"
EndProject
Global
	GlobalSection(SolutionConfigurationPlatforms) = preSolution
		Debug|Any CPU = Debug|Any CPU
		Release|Any CPU = Release|Any CPU
	EndGlobalSection
	GlobalSection(ProjectConfigurationPlatforms) = postSolution
		{BCA37815-D481-4159-AC71-F65C91C6C983}.Debug|Any CPU.ActiveCfg = Debug|Any CPU
		{BCA37815-D481-4159-AC71-F65C91C6C983}.Debug|Any CPU.Build.0 = Debug|Any CPU
		{BCA37815-D481-4159-AC71-F65C91C6C983}.Release|Any CPU.ActiveCfg = Release|Any CPU
		{BCA37815-D481-4159-AC71-F65C91C6C983}.Release|Any CPU.Build.0 = Release|Any CPU
		{5472E506-BA5F-4A64-B7CB-9B4DE94FED34}.Debug|Any CPU.ActiveCfg = Debug|Any CPU
		{5472E506-BA5F-4A64-B7CB-9B4DE94FED34}.Debug|Any CPU.Build.0 = Debug|Any CPU
		{5472E506-BA5F-4A64-B7CB-9B4DE94FED34}.Release|Any CPU.ActiveCfg = Release|Any CPU
		{5472E506-BA5F-4A64-B7CB-9B4DE94FED34}.Release|Any CPU.Build.0 = Release|Any CPU
		{61AB2452-5A32-48A3-B8A9-5D9BFAD9912F}.Debug|Any CPU.ActiveCfg = Debug|Any CPU
		{61AB2452-5A32-48A3-B8A9-5D9BFAD9912F}.Debug|Any CPU.Build.0 = Debug|Any CPU
		{61AB2452-5A32-48A3-B8A9-5D9BFAD9912F}.Release|Any CPU.ActiveCfg = Release|Any CPU
		{61AB2452-5A32-48A3-B8A9-5D9BFAD9912F}.Release|Any CPU.Build.0 = Release|Any CPU
	EndGlobalSection
	GlobalSection(SolutionProperties) = preSolution
		HideSolutionNode = FALSE
	EndGlobalSection
	GlobalSection(ExtensibilityGlobals) = postSolution
		SolutionGuid = {FE478CFE-A1DC-4497-93B7-6C18F2A1DA4E}
	EndGlobalSection
EndGlobal
