
Microsoft Visual Studio Solution File, Format Version 12.00
# Visual Studio Version 17
VisualStudioVersion = 17.2.32526.322
MinimumVisualStudioVersion = 10.0.40219.1
Project("{FAE04EC0-301F-11D3-BF4B-00C04F79EFBC}") = "26", "26\26.csproj", "{8F8212D8-5171-4D2A-B8BC-BB3C13280AE9}"
EndProject
Global
	GlobalSection(SolutionConfigurationPlatforms) = preSolution
		Debug|Any CPU = Debug|Any CPU
		Release|Any CPU = Release|Any CPU
	EndGlobalSection
	GlobalSection(ProjectConfigurationPlatforms) = postSolution
		{8F8212D8-5171-4D2A-B8BC-BB3C13280AE9}.Debug|Any CPU.ActiveCfg = Debug|Any CPU
		{8F8212D8-5171-4D2A-B8BC-BB3C13280AE9}.Debug|Any CPU.Build.0 = Debug|Any CPU
		{8F8212D8-5171-4D2A-B8BC-BB3C13280AE9}.Release|Any CPU.ActiveCfg = Release|Any CPU
		{8F8212D8-5171-4D2A-B8BC-BB3C13280AE9}.Release|Any CPU.Build.0 = Release|Any CPU
	EndGlobalSection
	GlobalSection(SolutionProperties) = preSolution
		HideSolutionNode = FALSE
	EndGlobalSection
	GlobalSection(ExtensibilityGlobals) = postSolution
		SolutionGuid = {B9D0D2AA-479E-4D00-9025-7D0A9073CF0C}
	EndGlobalSection
EndGlobal
