
Microsoft Visual Studio Solution File, Format Version 12.00
# Visual Studio Version 17
VisualStudioVersion = 17.2.32526.322
MinimumVisualStudioVersion = 10.0.40219.1
Project("{FAE04EC0-301F-11D3-BF4B-00C04F79EFBC}") = "60", "60\60.csproj", "{BEB6B87C-DFC6-4809-A8CB-7A6957E60288}"
EndProject
Global
	GlobalSection(SolutionConfigurationPlatforms) = preSolution
		Debug|Any CPU = Debug|Any CPU
		Release|Any CPU = Release|Any CPU
	EndGlobalSection
	GlobalSection(ProjectConfigurationPlatforms) = postSolution
		{BEB6B87C-DFC6-4809-A8CB-7A6957E60288}.Debug|Any CPU.ActiveCfg = Debug|Any CPU
		{BEB6B87C-DFC6-4809-A8CB-7A6957E60288}.Debug|Any CPU.Build.0 = Debug|Any CPU
		{BEB6B87C-DFC6-4809-A8CB-7A6957E60288}.Release|Any CPU.ActiveCfg = Release|Any CPU
		{BEB6B87C-DFC6-4809-A8CB-7A6957E60288}.Release|Any CPU.Build.0 = Release|Any CPU
	EndGlobalSection
	GlobalSection(SolutionProperties) = preSolution
		HideSolutionNode = FALSE
	EndGlobalSection
	GlobalSection(ExtensibilityGlobals) = postSolution
		SolutionGuid = {4E68ED27-3DB1-4C8E-864D-885D0D499922}
	EndGlobalSection
EndGlobal
