
Microsoft Visual Studio Solution File, Format Version 12.00
# Visual Studio Version 17
VisualStudioVersion = 17.2.32526.322
MinimumVisualStudioVersion = 10.0.40219.1
Project("{FAE04EC0-301F-11D3-BF4B-00C04F79EFBC}") = "ForEach", "lag2\ForEach.csproj", "{21A7AE98-7469-492B-9E3C-C470A8560ACE}"
EndProject
Project("{FAE04EC0-301F-11D3-BF4B-00C04F79EFBC}") = "ObjectArray", "ObjectArray\ObjectArray.csproj", "{B9260C7D-1D89-4947-AD48-81385E97267D}"
EndProject
Global
	GlobalSection(SolutionConfigurationPlatforms) = preSolution
		Debug|Any CPU = Debug|Any CPU
		Release|Any CPU = Release|Any CPU
	EndGlobalSection
	GlobalSection(ProjectConfigurationPlatforms) = postSolution
		{21A7AE98-7469-492B-9E3C-C470A8560ACE}.Debug|Any CPU.ActiveCfg = Debug|Any CPU
		{21A7AE98-7469-492B-9E3C-C470A8560ACE}.Debug|Any CPU.Build.0 = Debug|Any CPU
		{21A7AE98-7469-492B-9E3C-C470A8560ACE}.Release|Any CPU.ActiveCfg = Release|Any CPU
		{21A7AE98-7469-492B-9E3C-C470A8560ACE}.Release|Any CPU.Build.0 = Release|Any CPU
		{B9260C7D-1D89-4947-AD48-81385E97267D}.Debug|Any CPU.ActiveCfg = Debug|Any CPU
		{B9260C7D-1D89-4947-AD48-81385E97267D}.Debug|Any CPU.Build.0 = Debug|Any CPU
		{B9260C7D-1D89-4947-AD48-81385E97267D}.Release|Any CPU.ActiveCfg = Release|Any CPU
		{B9260C7D-1D89-4947-AD48-81385E97267D}.Release|Any CPU.Build.0 = Release|Any CPU
	EndGlobalSection
	GlobalSection(SolutionProperties) = preSolution
		HideSolutionNode = FALSE
	EndGlobalSection
	GlobalSection(ExtensibilityGlobals) = postSolution
		SolutionGuid = {1D52E592-9FB8-4E51-9E23-CDDF00FF210C}
	EndGlobalSection
EndGlobal
